
Microsoft Visual Studio Solution File, Format Version 12.00
# Visual Studio Version 17
VisualStudioVersion = 17.11.35312.102
MinimumVisualStudioVersion = 10.0.40219.1
Project("{FAE04EC0-301F-11D3-BF4B-00C04F79EFBC}") = "KonferansPortal", "KonferansPortal\KonferansPortal.csproj", "{4BE6403D-1A0D-413D-9F72-12708B4AF319}"
EndProject
Global
	GlobalSection(SolutionConfigurationPlatforms) = preSolution
		Debug|Any CPU = Debug|Any CPU
		Release|Any CPU = Release|Any CPU
	EndGlobalSection
	GlobalSection(ProjectConfigurationPlatforms) = postSolution
		{4BE6403D-1A0D-413D-9F72-12708B4AF319}.Debug|Any CPU.ActiveCfg = Debug|Any CPU
		{4BE6403D-1A0D-413D-9F72-12708B4AF319}.Debug|Any CPU.Build.0 = Debug|Any CPU
		{4BE6403D-1A0D-413D-9F72-12708B4AF319}.Release|Any CPU.ActiveCfg = Release|Any CPU
		{4BE6403D-1A0D-413D-9F72-12708B4AF319}.Release|Any CPU.Build.0 = Release|Any CPU
	EndGlobalSection
	GlobalSection(SolutionProperties) = preSolution
		HideSolutionNode = FALSE
	EndGlobalSection
	GlobalSection(ExtensibilityGlobals) = postSolution
		SolutionGuid = {8DCD675B-BB40-4BB6-BDC3-B42DD50B56A9}
	EndGlobalSection
EndGlobal
